// !$*UTF8*$!
{
	archiveVersion = 1;
	classes = {
	};
	objectVersion = 77;
	objects = {

/* Begin PBXBuildFile section */
		1158B5AC2F51658300308FF8 /* zone-parse-header2.c in Sources */ = {isa = PBXBuildFile; fileRef = 1158B58E2F51658300308FF8 /* zone-parse-header2.c */; };
		1158B5AD2F51658300308FF8 /* zone-atom.c in Sources */ = {isa = PBXBuildFile; fileRef = 1158B5732F51658300308FF8 /* zone-atom.c */; };
		1158B5AE2F51658300308FF8 /* zone-atom-base64c.c in Sources */ = {isa = PBXBuildFile; fileRef = 1158B5762F51658300308FF8 /* zone-atom-base64c.c */; };
		1158B5AF2F51658300308FF8 /* zone-atom-hexa.c in Sources */ = {isa = PBXBuildFile; fileRef = 1158B57C2F51658300308FF8 /* zone-atom-hexa.c */; };
		1158B5B02F51658300308FF8 /* zone-scan-eol.c in Sources */ = {isa = PBXBuildFile; fileRef = 1158B59E2F51658300308FF8 /* zone-scan-eol.c */; };
		1158B5B12F51658300308FF8 /* zone-parse-header2-test.c in Sources */ = {isa = PBXBuildFile; fileRef = 1158B58F2F51658300308FF8 /* zone-parse-header2-test.c */; };
		1158B5B22F51658300308FF8 /* zone-atom-name4.c in Sources */ = {isa = PBXBuildFile; fileRef = 1158B5822F51658300308FF8 /* zone-atom-name4.c */; };
		1158B5B32F51658300308FF8 /* zone-parse-types1.c in Sources */ = {isa = PBXBuildFile; fileRef = 1158B5962F51658300308FF8 /* zone-parse-types1.c */; };
		1158B5B42F51658300308FF8 /* zone-parse-header.c in Sources */ = {isa = PBXBuildFile; fileRef = 1158B58D2F51658300308FF8 /* zone-parse-header.c */; };
		1158B5B52F51658300308FF8 /* zone-scan.c in Sources */ = {isa = PBXBuildFile; fileRef = 1158B59D2F51658300308FF8 /* zone-scan.c */; };
		1158B5B62F51658300308FF8 /* zone-parse-test.c in Sources */ = {isa = PBXBuildFile; fileRef = 1158B5942F51658300308FF8 /* zone-parse-test.c */; };
		1158B5B72F51658300308FF8 /* zone-parse-mask.c in Sources */ = {isa = PBXBuildFile; fileRef = 1158B5912F51658300308FF8 /* zone-parse-mask.c */; };
		1158B5B82F51658300308FF8 /* zone-scan-esc.c in Sources */ = {isa = PBXBuildFile; fileRef = 1158B59F2F51658300308FF8 /* zone-scan-esc.c */; };
		1158B5BA2F51658300308FF8 /* zone-atom-base64d.c in Sources */ = {isa = PBXBuildFile; fileRef = 1158B5772F51658300308FF8 /* zone-atom-base64d.c */; };
		1158B5BB2F51658300308FF8 /* zone-atom-expire2.c in Sources */ = {isa = PBXBuildFile; fileRef = 1158B57B2F51658300308FF8 /* zone-atom-expire2.c */; };
		1158B5BC2F51658300308FF8 /* zone-atom-type1.c in Sources */ = {isa = PBXBuildFile; fileRef = 1158B5872F51658300308FF8 /* zone-atom-type1.c */; };
		1158B5BD2F51658300308FF8 /* zone-scan-label.c in Sources */ = {isa = PBXBuildFile; fileRef = 1158B5A22F51658300308FF8 /* zone-scan-label.c */; };
		1158B5BE2F51658300308FF8 /* zone-atom-expire1.c in Sources */ = {isa = PBXBuildFile; fileRef = 1158B57A2F51658300308FF8 /* zone-atom-expire1.c */; };
		1158B5BF2F51658300308FF8 /* zone-atom-ipv4.c in Sources */ = {isa = PBXBuildFile; fileRef = 1158B57E2F51658300308FF8 /* zone-atom-ipv4.c */; };
		1158B5C02F51658300308FF8 /* zone-atom-ipv6.c in Sources */ = {isa = PBXBuildFile; fileRef = 1158B57F2F51658300308FF8 /* zone-atom-ipv6.c */; };
		1158B5C22F51658300308FF8 /* main.c in Sources */ = {isa = PBXBuildFile; fileRef = 1158B5682F51658300308FF8 /* main.c */; };
		1158B5C32F51658300308FF8 /* zone-atom-base64b.c in Sources */ = {isa = PBXBuildFile; fileRef = 1158B5752F51658300308FF8 /* zone-atom-base64b.c */; };
		1158B5C42F51658300308FF8 /* zone-parse-record.c in Sources */ = {isa = PBXBuildFile; fileRef = 1158B5932F51658300308FF8 /* zone-parse-record.c */; };
		1158B5C52F51658300308FF8 /* zone-scan-name.c in Sources */ = {isa = PBXBuildFile; fileRef = 1158B5A32F51658300308FF8 /* zone-scan-name.c */; };
		1158B5C62F51658300308FF8 /* zone-error.c in Sources */ = {isa = PBXBuildFile; fileRef = 1158B58A2F51658300308FF8 /* zone-error.c */; };
		1158B5C72F51658300308FF8 /* zone-atom-bitmap.c in Sources */ = {isa = PBXBuildFile; fileRef = 1158B5782F51658300308FF8 /* zone-atom-bitmap.c */; };
		1158B5C82F51658300308FF8 /* zone-scan-quote.c in Sources */ = {isa = PBXBuildFile; fileRef = 1158B5A62F51658300308FF8 /* zone-scan-quote.c */; };
		1158B5C92F51658300308FF8 /* zone-atom-n3hash.c in Sources */ = {isa = PBXBuildFile; fileRef = 1158B5802F51658300308FF8 /* zone-atom-n3hash.c */; };
		1158B5CA2F51658300308FF8 /* zone-atom-ttl.c in Sources */ = {isa = PBXBuildFile; fileRef = 1158B5852F51658300308FF8 /* zone-atom-ttl.c */; };
		1158B5CB2F51658300308FF8 /* util-simd.c in Sources */ = {isa = PBXBuildFile; fileRef = 1158B56F2F51658300308FF8 /* util-simd.c */; };
		1158B5CC2F51658300308FF8 /* zone-scan-fast.c in Sources */ = {isa = PBXBuildFile; fileRef = 1158B5A02F51658300308FF8 /* zone-scan-fast.c */; };
		1158B5CD2F51658300308FF8 /* zone-file.c in Sources */ = {isa = PBXBuildFile; fileRef = 1158B58B2F51658300308FF8 /* zone-file.c */; };
		1158B5CE2F51658300308FF8 /* zone-scan-nospace.c in Sources */ = {isa = PBXBuildFile; fileRef = 1158B5A42F51658300308FF8 /* zone-scan-nospace.c */; };
		1158B5CF2F51658300308FF8 /* zone-scan-fast2.c in Sources */ = {isa = PBXBuildFile; fileRef = 1158B5A12F51658300308FF8 /* zone-scan-fast2.c */; };
		1158B5D02F51658300308FF8 /* zone-scan-qtest.c in Sources */ = {isa = PBXBuildFile; fileRef = 1158B5A52F51658300308FF8 /* zone-scan-qtest.c */; };
		1158B5D12F51658300308FF8 /* zone-qbench.c in Sources */ = {isa = PBXBuildFile; fileRef = 1158B5992F51658300308FF8 /* zone-qbench.c */; };
		1158B5D22F51658300308FF8 /* zone-atom-txt.c in Sources */ = {isa = PBXBuildFile; fileRef = 1158B5862F51658300308FF8 /* zone-atom-txt.c */; };
		1158B5D32F51658300308FF8 /* zone-atom-type2.c in Sources */ = {isa = PBXBuildFile; fileRef = 1158B5882F51658300308FF8 /* zone-atom-type2.c */; };
		1158B5D42F51658300308FF8 /* zone-workq.c in Sources */ = {isa = PBXBuildFile; fileRef = 1158B5AB2F51658300308FF8 /* zone-workq.c */; };
		1158B5D52F51658300308FF8 /* zone-scan-space.c in Sources */ = {isa = PBXBuildFile; fileRef = 1158B5A72F51658300308FF8 /* zone-scan-space.c */; };
		1158B5D62F51658300308FF8 /* zone-atom-name5.c in Sources */ = {isa = PBXBuildFile; fileRef = 1158B5832F51658300308FF8 /* zone-atom-name5.c */; };
		1158B5D72F51658300308FF8 /* zone-atom-int.c in Sources */ = {isa = PBXBuildFile; fileRef = 1158B57D2F51658300308FF8 /* zone-atom-int.c */; };
		1158B5D82F51658300308FF8 /* zone-parse-types2.c in Sources */ = {isa = PBXBuildFile; fileRef = 1158B5972F51658300308FF8 /* zone-parse-types2.c */; };
		1158B5D92F51658300308FF8 /* util-base64.c in Sources */ = {isa = PBXBuildFile; fileRef = 1158B56A2F51658300308FF8 /* util-base64.c */; };
		1158B5DA2F51658300308FF8 /* zone-atom-svcparm.c in Sources */ = {isa = PBXBuildFile; fileRef = 1158B5842F51658300308FF8 /* zone-atom-svcparm.c */; };
		1158B5DB2F51658300308FF8 /* util-pathname.c in Sources */ = {isa = PBXBuildFile; fileRef = 1158B56D2F51658300308FF8 /* util-pathname.c */; };
		1158B5DC2F51658300308FF8 /* zone.c in Sources */ = {isa = PBXBuildFile; fileRef = 1158B5712F51658300308FF8 /* zone.c */; };
		1158B5DD2F51658300308FF8 /* zone-atom-base64a.c in Sources */ = {isa = PBXBuildFile; fileRef = 1158B5742F51658300308FF8 /* zone-atom-base64a.c */; };
		1158B5DE2F51658300308FF8 /* zone-atom-caaval.c in Sources */ = {isa = PBXBuildFile; fileRef = 1158B5792F51658300308FF8 /* zone-atom-caaval.c */; };
		1158B5E12F53D29900308FF8 /* zone-parse-token.c in Sources */ = {isa = PBXBuildFile; fileRef = 1158B5E02F53D29900308FF8 /* zone-parse-token.c */; };
		1158B5E42F5FA3AF00308FF8 /* util-hex16.c in Sources */ = {isa = PBXBuildFile; fileRef = 1158B5E32F5FA3AF00308FF8 /* util-hex16.c */; };
		1158B5E62F5FA5E300308FF8 /* zone-atom-hexb.c in Sources */ = {isa = PBXBuildFile; fileRef = 1158B5E52F5FA5E300308FF8 /* zone-atom-hexb.c */; };
		1158B5E92F69348300308FF8 /* zone-parse-header3.c in Sources */ = {isa = PBXBuildFile; fileRef = 1158B5E82F69348300308FF8 /* zone-parse-header3.c */; };
		1158B5EC2F74C04300308FF8 /* zone-fast-classify.c in Sources */ = {isa = PBXBuildFile; fileRef = 1158B5EB2F74C04300308FF8 /* zone-fast-classify.c */; };
		1158B5EF2F7729DE00308FF8 /* zone-fast-header.c in Sources */ = {isa = PBXBuildFile; fileRef = 1158B5EE2F7729DE00308FF8 /* zone-fast-header.c */; };
		1158B5F22F774B8E00308FF8 /* zone-slow-header.c in Sources */ = {isa = PBXBuildFile; fileRef = 1158B5F12F774B8E00308FF8 /* zone-slow-header.c */; };
		1158B5F42F77526000308FF8 /* zone-fast-header-test.c in Sources */ = {isa = PBXBuildFile; fileRef = 1158B5F32F77526000308FF8 /* zone-fast-header-test.c */; };
		1158B5F62F8098E100308FF8 /* zone-fast-record.c in Sources */ = {isa = PBXBuildFile; fileRef = 1158B5F52F8098E100308FF8 /* zone-fast-record.c */; };
		1158B5FB2F84397F00308FF8 /* zone-fbench.c in Sources */ = {isa = PBXBuildFile; fileRef = 1158B5FA2F84397F00308FF8 /* zone-fbench.c */; };
/* End PBXBuildFile section */

/* Begin PBXCopyFilesBuildPhase section */
		11D53A3B2F505D4000361606 /* CopyFiles */ = {
			isa = PBXCopyFilesBuildPhase;
			buildActionMask = 2147483647;
			dstPath = /usr/share/man/man1/;
			dstSubfolderSpec = 0;
			files = (
			);
			runOnlyForDeploymentPostprocessing = 1;
		};
/* End PBXCopyFilesBuildPhase section */

/* Begin PBXFileReference section */
		1158B5682F51658300308FF8 /* main.c */ = {isa = PBXFileReference; lastKnownFileType = sourcecode.c.c; name = main.c; path = src/main.c; sourceTree = "<group>"; };
		1158B5692F51658300308FF8 /* util-base64.h */ = {isa = PBXFileReference; lastKnownFileType = sourcecode.c.h; name = "util-base64.h"; path = "src/util-base64.h"; sourceTree = "<group>"; };
		1158B56A2F51658300308FF8 /* util-base64.c */ = {isa = PBXFileReference; lastKnownFileType = sourcecode.c.c; name = "util-base64.c"; path = "src/util-base64.c"; sourceTree = "<group>"; };
		1158B56B2F51658300308FF8 /* util-ctz.h */ = {isa = PBXFileReference; lastKnownFileType = sourcecode.c.h; name = "util-ctz.h"; path = "src/util-ctz.h"; sourceTree = "<group>"; };
		1158B56C2F51658300308FF8 /* util-pathname.h */ = {isa = PBXFileReference; lastKnownFileType = sourcecode.c.h; name = "util-pathname.h"; path = "src/util-pathname.h"; sourceTree = "<group>"; };
		1158B56D2F51658300308FF8 /* util-pathname.c */ = {isa = PBXFileReference; lastKnownFileType = sourcecode.c.c; name = "util-pathname.c"; path = "src/util-pathname.c"; sourceTree = "<group>"; };
		1158B56E2F51658300308FF8 /* util-simd.h */ = {isa = PBXFileReference; lastKnownFileType = sourcecode.c.h; name = "util-simd.h"; path = "src/util-simd.h"; sourceTree = "<group>"; };
		1158B56F2F51658300308FF8 /* util-simd.c */ = {isa = PBXFileReference; lastKnownFileType = sourcecode.c.c; name = "util-simd.c"; path = "src/util-simd.c"; sourceTree = "<group>"; };
		1158B5702F51658300308FF8 /* zone.h */ = {isa = PBXFileReference; lastKnownFileType = sourcecode.c.h; name = zone.h; path = src/zone.h; sourceTree = "<group>"; };
		1158B5712F51658300308FF8 /* zone.c */ = {isa = PBXFileReference; lastKnownFileType = sourcecode.c.c; name = zone.c; path = src/zone.c; sourceTree = "<group>"; };
		1158B5722F51658300308FF8 /* zone-atom.h */ = {isa = PBXFileReference; lastKnownFileType = sourcecode.c.h; name = "zone-atom.h"; path = "src/zone-atom.h"; sourceTree = "<group>"; };
		1158B5732F51658300308FF8 /* zone-atom.c */ = {isa = PBXFileReference; lastKnownFileType = sourcecode.c.c; name = "zone-atom.c"; path = "src/zone-atom.c"; sourceTree = "<group>"; };
		1158B5742F51658300308FF8 /* zone-atom-base64a.c */ = {isa = PBXFileReference; lastKnownFileType = sourcecode.c.c; name = "zone-atom-base64a.c"; path = "src/zone-atom-base64a.c"; sourceTree = "<group>"; };
		1158B5752F51658300308FF8 /* zone-atom-base64b.c */ = {isa = PBXFileReference; lastKnownFileType = sourcecode.c.c; name = "zone-atom-base64b.c"; path = "src/zone-atom-base64b.c"; sourceTree = "<group>"; };
		1158B5762F51658300308FF8 /* zone-atom-base64c.c */ = {isa = PBXFileReference; lastKnownFileType = sourcecode.c.c; name = "zone-atom-base64c.c"; path = "src/zone-atom-base64c.c"; sourceTree = "<group>"; };
		1158B5772F51658300308FF8 /* zone-atom-base64d.c */ = {isa = PBXFileReference; lastKnownFileType = sourcecode.c.c; name = "zone-atom-base64d.c"; path = "src/zone-atom-base64d.c"; sourceTree = "<group>"; };
		1158B5782F51658300308FF8 /* zone-atom-bitmap.c */ = {isa = PBXFileReference; lastKnownFileType = sourcecode.c.c; name = "zone-atom-bitmap.c"; path = "src/zone-atom-bitmap.c"; sourceTree = "<group>"; };
		1158B5792F51658300308FF8 /* zone-atom-caaval.c */ = {isa = PBXFileReference; lastKnownFileType = sourcecode.c.c; name = "zone-atom-caaval.c"; path = "src/zone-atom-caaval.c"; sourceTree = "<group>"; };
		1158B57A2F51658300308FF8 /* zone-atom-expire1.c */ = {isa = PBXFileReference; lastKnownFileType = sourcecode.c.c; name = "zone-atom-expire1.c"; path = "src/zone-atom-expire1.c"; sourceTree = "<group>"; };
		1158B57B2F51658300308FF8 /* zone-atom-expire2.c */ = {isa = PBXFileReference; lastKnownFileType = sourcecode.c.c; name = "zone-atom-expire2.c"; path = "src/zone-atom-expire2.c"; sourceTree = "<group>"; };
		1158B57C2F51658300308FF8 /* zone-atom-hexa.c */ = {isa = PBXFileReference; lastKnownFileType = sourcecode.c.c; name = "zone-atom-hexa.c"; path = "src/zone-atom-hexa.c"; sourceTree = "<group>"; };
		1158B57D2F51658300308FF8 /* zone-atom-int.c */ = {isa = PBXFileReference; lastKnownFileType = sourcecode.c.c; name = "zone-atom-int.c"; path = "src/zone-atom-int.c"; sourceTree = "<group>"; };
		1158B57E2F51658300308FF8 /* zone-atom-ipv4.c */ = {isa = PBXFileReference; lastKnownFileType = sourcecode.c.c; name = "zone-atom-ipv4.c"; path = "src/zone-atom-ipv4.c"; sourceTree = "<group>"; };
		1158B57F2F51658300308FF8 /* zone-atom-ipv6.c */ = {isa = PBXFileReference; lastKnownFileType = sourcecode.c.c; name = "zone-atom-ipv6.c"; path = "src/zone-atom-ipv6.c"; sourceTree = "<group>"; };
		1158B5802F51658300308FF8 /* zone-atom-n3hash.c */ = {isa = PBXFileReference; lastKnownFileType = sourcecode.c.c; name = "zone-atom-n3hash.c"; path = "src/zone-atom-n3hash.c"; sourceTree = "<group>"; };
		1158B5812F51658300308FF8 /* zone-atom-name.h */ = {isa = PBXFileReference; lastKnownFileType = sourcecode.c.h; name = "zone-atom-name.h"; path = "src/zone-atom-name.h"; sourceTree = "<group>"; };
		1158B5822F51658300308FF8 /* zone-atom-name4.c */ = {isa = PBXFileReference; lastKnownFileType = sourcecode.c.c; name = "zone-atom-name4.c"; path = "src/zone-atom-name4.c"; sourceTree = "<group>"; };
		1158B5832F51658300308FF8 /* zone-atom-name5.c */ = {isa = PBXFileReference; lastKnownFileType = sourcecode.c.c; name = "zone-atom-name5.c"; path = "src/zone-atom-name5.c"; sourceTree = "<group>"; };
		1158B5842F51658300308FF8 /* zone-atom-svcparm.c */ = {isa = PBXFileReference; lastKnownFileType = sourcecode.c.c; name = "zone-atom-svcparm.c"; path = "src/zone-atom-svcparm.c"; sourceTree = "<group>"; };
		1158B5852F51658300308FF8 /* zone-atom-ttl.c */ = {isa = PBXFileReference; lastKnownFileType = sourcecode.c.c; name = "zone-atom-ttl.c"; path = "src/zone-atom-ttl.c"; sourceTree = "<group>"; };
		1158B5862F51658300308FF8 /* zone-atom-txt.c */ = {isa = PBXFileReference; lastKnownFileType = sourcecode.c.c; name = "zone-atom-txt.c"; path = "src/zone-atom-txt.c"; sourceTree = "<group>"; };
		1158B5872F51658300308FF8 /* zone-atom-type1.c */ = {isa = PBXFileReference; lastKnownFileType = sourcecode.c.c; name = "zone-atom-type1.c"; path = "src/zone-atom-type1.c"; sourceTree = "<group>"; };
		1158B5882F51658300308FF8 /* zone-atom-type2.c */ = {isa = PBXFileReference; lastKnownFileType = sourcecode.c.c; name = "zone-atom-type2.c"; path = "src/zone-atom-type2.c"; sourceTree = "<group>"; };
		1158B5892F51658300308FF8 /* zone-error.h */ = {isa = PBXFileReference; lastKnownFileType = sourcecode.c.h; name = "zone-error.h"; path = "src/zone-error.h"; sourceTree = "<group>"; };
		1158B58A2F51658300308FF8 /* zone-error.c */ = {isa = PBXFileReference; lastKnownFileType = sourcecode.c.c; name = "zone-error.c"; path = "src/zone-error.c"; sourceTree = "<group>"; };
		1158B58B2F51658300308FF8 /* zone-file.c */ = {isa = PBXFileReference; lastKnownFileType = sourcecode.c.c; name = "zone-file.c"; path = "src/zone-file.c"; sourceTree = "<group>"; };
		1158B58C2F51658300308FF8 /* zone-parse.h */ = {isa = PBXFileReference; lastKnownFileType = sourcecode.c.h; name = "zone-parse.h"; path = "src/zone-parse.h"; sourceTree = "<group>"; };
		1158B58D2F51658300308FF8 /* zone-parse-header.c */ = {isa = PBXFileReference; lastKnownFileType = sourcecode.c.c; name = "zone-parse-header.c"; path = "src/zone-parse-header.c"; sourceTree = "<group>"; };
		1158B58E2F51658300308FF8 /* zone-parse-header2.c */ = {isa = PBXFileReference; lastKnownFileType = sourcecode.c.c; name = "zone-parse-header2.c"; path = "src/zone-parse-header2.c"; sourceTree = "<group>"; };
		1158B58F2F51658300308FF8 /* zone-parse-header2-test.c */ = {isa = PBXFileReference; lastKnownFileType = sourcecode.c.c; name = "zone-parse-header2-test.c"; path = "src/zone-parse-header2-test.c"; sourceTree = "<group>"; };
		1158B5902F51658300308FF8 /* zone-parse-mask.h */ = {isa = PBXFileReference; lastKnownFileType = sourcecode.c.h; name = "zone-parse-mask.h"; path = "src/zone-parse-mask.h"; sourceTree = "<group>"; };
		1158B5912F51658300308FF8 /* zone-parse-mask.c */ = {isa = PBXFileReference; lastKnownFileType = sourcecode.c.c; name = "zone-parse-mask.c"; path = "src/zone-parse-mask.c"; sourceTree = "<group>"; };
		1158B5922F51658300308FF8 /* zone-parse-record.h */ = {isa = PBXFileReference; lastKnownFileType = sourcecode.c.h; name = "zone-parse-record.h"; path = "src/zone-parse-record.h"; sourceTree = "<group>"; };
		1158B5932F51658300308FF8 /* zone-parse-record.c */ = {isa = PBXFileReference; lastKnownFileType = sourcecode.c.c; name = "zone-parse-record.c"; path = "src/zone-parse-record.c"; sourceTree = "<group>"; };
		1158B5942F51658300308FF8 /* zone-parse-test.c */ = {isa = PBXFileReference; lastKnownFileType = sourcecode.c.c; name = "zone-parse-test.c"; path = "src/zone-parse-test.c"; sourceTree = "<group>"; };
		1158B5952F51658300308FF8 /* zone-parse-types.h */ = {isa = PBXFileReference; lastKnownFileType = sourcecode.c.h; name = "zone-parse-types.h"; path = "src/zone-parse-types.h"; sourceTree = "<group>"; };
		1158B5962F51658300308FF8 /* zone-parse-types1.c */ = {isa = PBXFileReference; lastKnownFileType = sourcecode.c.c; name = "zone-parse-types1.c"; path = "src/zone-parse-types1.c"; sourceTree = "<group>"; };
		1158B5972F51658300308FF8 /* zone-parse-types2.c */ = {isa = PBXFileReference; lastKnownFileType = sourcecode.c.c; name = "zone-parse-types2.c"; path = "src/zone-parse-types2.c"; sourceTree = "<group>"; };
		1158B5982F51658300308FF8 /* zone-qbench.h */ = {isa = PBXFileReference; lastKnownFileType = sourcecode.c.h; name = "zone-qbench.h"; path = "src/zone-qbench.h"; sourceTree = "<group>"; };
		1158B5992F51658300308FF8 /* zone-qbench.c */ = {isa = PBXFileReference; lastKnownFileType = sourcecode.c.c; name = "zone-qbench.c"; path = "src/zone-qbench.c"; sourceTree = "<group>"; };
		1158B59C2F51658300308FF8 /* zone-scan.h */ = {isa = PBXFileReference; lastKnownFileType = sourcecode.c.h; name = "zone-scan.h"; path = "src/zone-scan.h"; sourceTree = "<group>"; };
		1158B59D2F51658300308FF8 /* zone-scan.c */ = {isa = PBXFileReference; lastKnownFileType = sourcecode.c.c; name = "zone-scan.c"; path = "src/zone-scan.c"; sourceTree = "<group>"; };
		1158B59E2F51658300308FF8 /* zone-scan-eol.c */ = {isa = PBXFileReference; lastKnownFileType = sourcecode.c.c; name = "zone-scan-eol.c"; path = "src/zone-scan-eol.c"; sourceTree = "<group>"; };
		1158B59F2F51658300308FF8 /* zone-scan-esc.c */ = {isa = PBXFileReference; lastKnownFileType = sourcecode.c.c; name = "zone-scan-esc.c"; path = "src/zone-scan-esc.c"; sourceTree = "<group>"; };
		1158B5A02F51658300308FF8 /* zone-scan-fast.c */ = {isa = PBXFileReference; lastKnownFileType = sourcecode.c.c; name = "zone-scan-fast.c"; path = "src/zone-scan-fast.c"; sourceTree = "<group>"; };
		1158B5A12F51658300308FF8 /* zone-scan-fast2.c */ = {isa = PBXFileReference; lastKnownFileType = sourcecode.c.c; name = "zone-scan-fast2.c"; path = "src/zone-scan-fast2.c"; sourceTree = "<group>"; };
		1158B5A22F51658300308FF8 /* zone-scan-label.c */ = {isa = PBXFileReference; lastKnownFileType = sourcecode.c.c; name = "zone-scan-label.c"; path = "src/zone-scan-label.c"; sourceTree = "<group>"; };
		1158B5A32F51658300308FF8 /* zone-scan-name.c */ = {isa = PBXFileReference; lastKnownFileType = sourcecode.c.c; name = "zone-scan-name.c"; path = "src/zone-scan-name.c"; sourceTree = "<group>"; };
		1158B5A42F51658300308FF8 /* zone-scan-nospace.c */ = {isa = PBXFileReference; lastKnownFileType = sourcecode.c.c; name = "zone-scan-nospace.c"; path = "src/zone-scan-nospace.c"; sourceTree = "<group>"; };
		1158B5A52F51658300308FF8 /* zone-scan-qtest.c */ = {isa = PBXFileReference; lastKnownFileType = sourcecode.c.c; name = "zone-scan-qtest.c"; path = "src/zone-scan-qtest.c"; sourceTree = "<group>"; };
		1158B5A62F51658300308FF8 /* zone-scan-quote.c */ = {isa = PBXFileReference; lastKnownFileType = sourcecode.c.c; name = "zone-scan-quote.c"; path = "src/zone-scan-quote.c"; sourceTree = "<group>"; };
		1158B5A72F51658300308FF8 /* zone-scan-space.c */ = {isa = PBXFileReference; lastKnownFileType = sourcecode.c.c; name = "zone-scan-space.c"; path = "src/zone-scan-space.c"; sourceTree = "<group>"; };
		1158B5AA2F51658300308FF8 /* zone-workq.h */ = {isa = PBXFileReference; lastKnownFileType = sourcecode.c.h; name = "zone-workq.h"; path = "src/zone-workq.h"; sourceTree = "<group>"; };
		1158B5AB2F51658300308FF8 /* zone-workq.c */ = {isa = PBXFileReference; lastKnownFileType = sourcecode.c.c; name = "zone-workq.c"; path = "src/zone-workq.c"; sourceTree = "<group>"; };
		1158B5DF2F53D29900308FF8 /* zone-parse-token.h */ = {isa = PBXFileReference; lastKnownFileType = sourcecode.c.h; name = "zone-parse-token.h"; path = "src/zone-parse-token.h"; sourceTree = "<group>"; };
		1158B5E02F53D29900308FF8 /* zone-parse-token.c */ = {isa = PBXFileReference; lastKnownFileType = sourcecode.c.c; name = "zone-parse-token.c"; path = "src/zone-parse-token.c"; sourceTree = "<group>"; };
		1158B5E22F5FA3AF00308FF8 /* util-hex16.h */ = {isa = PBXFileReference; lastKnownFileType = sourcecode.c.h; name = "util-hex16.h"; path = "src/util-hex16.h"; sourceTree = "<group>"; };
		1158B5E32F5FA3AF00308FF8 /* util-hex16.c */ = {isa = PBXFileReference; lastKnownFileType = sourcecode.c.c; name = "util-hex16.c"; path = "src/util-hex16.c"; sourceTree = "<group>"; };
		1158B5E52F5FA5E300308FF8 /* zone-atom-hexb.c */ = {isa = PBXFileReference; lastKnownFileType = sourcecode.c.c; name = "zone-atom-hexb.c"; path = "src/zone-atom-hexb.c"; sourceTree = "<group>"; };
		1158B5E72F62031200308FF8 /* util-parseint.h */ = {isa = PBXFileReference; lastKnownFileType = sourcecode.c.h; name = "util-parseint.h"; path = "src/util-parseint.h"; sourceTree = "<group>"; };
		1158B5E82F69348300308FF8 /* zone-parse-header3.c */ = {isa = PBXFileReference; lastKnownFileType = sourcecode.c.c; name = "zone-parse-header3.c"; path = "src/zone-parse-header3.c"; sourceTree = "<group>"; };
		1158B5EA2F74C04300308FF8 /* zone-fast-classify.h */ = {isa = PBXFileReference; lastKnownFileType = sourcecode.c.h; name = "zone-fast-classify.h"; path = "src/zone-fast-classify.h"; sourceTree = "<group>"; };
		1158B5EB2F74C04300308FF8 /* zone-fast-classify.c */ = {isa = PBXFileReference; lastKnownFileType = sourcecode.c.c; name = "zone-fast-classify.c"; path = "src/zone-fast-classify.c"; sourceTree = "<group>"; };
		1158B5ED2F7729DE00308FF8 /* zone-fast-header.h */ = {isa = PBXFileReference; lastKnownFileType = sourcecode.c.h; name = "zone-fast-header.h"; path = "src/zone-fast-header.h"; sourceTree = "<group>"; };
		1158B5EE2F7729DE00308FF8 /* zone-fast-header.c */ = {isa = PBXFileReference; lastKnownFileType = sourcecode.c.c; name = "zone-fast-header.c"; path = "src/zone-fast-header.c"; sourceTree = "<group>"; };
		1158B5F02F774B8E00308FF8 /* zone-slow-header.h */ = {isa = PBXFileReference; lastKnownFileType = sourcecode.c.h; name = "zone-slow-header.h"; path = "src/zone-slow-header.h"; sourceTree = "<group>"; };
		1158B5F12F774B8E00308FF8 /* zone-slow-header.c */ = {isa = PBXFileReference; lastKnownFileType = sourcecode.c.c; name = "zone-slow-header.c"; path = "src/zone-slow-header.c"; sourceTree = "<group>"; };
		1158B5F32F77526000308FF8 /* zone-fast-header-test.c */ = {isa = PBXFileReference; lastKnownFileType = sourcecode.c.c; name = "zone-fast-header-test.c"; path = "src/zone-fast-header-test.c"; sourceTree = "<group>"; };
		1158B5F52F8098E100308FF8 /* zone-fast-record.c */ = {isa = PBXFileReference; lastKnownFileType = sourcecode.c.c; name = "zone-fast-record.c"; path = "src/zone-fast-record.c"; sourceTree = "<group>"; };
		1158B5F92F84397F00308FF8 /* zone-fbench.h */ = {isa = PBXFileReference; lastKnownFileType = sourcecode.c.h; name = "zone-fbench.h"; path = "src/zone-fbench.h"; sourceTree = "<group>"; };
		1158B5FA2F84397F00308FF8 /* zone-fbench.c */ = {isa = PBXFileReference; lastKnownFileType = sourcecode.c.c; name = "zone-fbench.c"; path = "src/zone-fbench.c"; sourceTree = "<group>"; };
		11D53A3D2F505D4000361606 /* fastzone */ = {isa = PBXFileReference; explicitFileType = "compiled.mach-o.executable"; includeInIndex = 0; path = fastzone; sourceTree = BUILT_PRODUCTS_DIR; };
/* End PBXFileReference section */

/* Begin PBXFrameworksBuildPhase section */
		11D53A3A2F505D4000361606 /* Frameworks */ = {
			isa = PBXFrameworksBuildPhase;
			buildActionMask = 2147483647;
			files = (
			);
			runOnlyForDeploymentPostprocessing = 0;
		};
/* End PBXFrameworksBuildPhase section */

/* Begin PBXGroup section */
		11D53A342F505D4000361606 = {
			isa = PBXGroup;
			children = (
				1158B5F92F84397F00308FF8 /* zone-fbench.h */,
				1158B5FA2F84397F00308FF8 /* zone-fbench.c */,
				1158B5982F51658300308FF8 /* zone-qbench.h */,
				1158B5992F51658300308FF8 /* zone-qbench.c */,
				1158B5F02F774B8E00308FF8 /* zone-slow-header.h */,
				1158B5F12F774B8E00308FF8 /* zone-slow-header.c */,
				1158B5ED2F7729DE00308FF8 /* zone-fast-header.h */,
				1158B5EE2F7729DE00308FF8 /* zone-fast-header.c */,
				1158B5F32F77526000308FF8 /* zone-fast-header-test.c */,
				1158B5F52F8098E100308FF8 /* zone-fast-record.c */,
				1158B5EA2F74C04300308FF8 /* zone-fast-classify.h */,
				1158B5EB2F74C04300308FF8 /* zone-fast-classify.c */,
				1158B5E82F69348300308FF8 /* zone-parse-header3.c */,
				1158B5E72F62031200308FF8 /* util-parseint.h */,
				1158B5E52F5FA5E300308FF8 /* zone-atom-hexb.c */,
				1158B57C2F51658300308FF8 /* zone-atom-hexa.c */,
				1158B5E22F5FA3AF00308FF8 /* util-hex16.h */,
				1158B5E32F5FA3AF00308FF8 /* util-hex16.c */,
				1158B5DF2F53D29900308FF8 /* zone-parse-token.h */,
				1158B5E02F53D29900308FF8 /* zone-parse-token.c */,
				1158B5682F51658300308FF8 /* main.c */,
				1158B5692F51658300308FF8 /* util-base64.h */,
				1158B56A2F51658300308FF8 /* util-base64.c */,
				1158B56B2F51658300308FF8 /* util-ctz.h */,
				1158B56C2F51658300308FF8 /* util-pathname.h */,
				1158B56D2F51658300308FF8 /* util-pathname.c */,
				1158B56E2F51658300308FF8 /* util-simd.h */,
				1158B56F2F51658300308FF8 /* util-simd.c */,
				1158B5702F51658300308FF8 /* zone.h */,
				1158B5712F51658300308FF8 /* zone.c */,
				1158B5722F51658300308FF8 /* zone-atom.h */,
				1158B5732F51658300308FF8 /* zone-atom.c */,
				1158B5742F51658300308FF8 /* zone-atom-base64a.c */,
				1158B5752F51658300308FF8 /* zone-atom-base64b.c */,
				1158B5762F51658300308FF8 /* zone-atom-base64c.c */,
				1158B5772F51658300308FF8 /* zone-atom-base64d.c */,
				1158B5782F51658300308FF8 /* zone-atom-bitmap.c */,
				1158B5792F51658300308FF8 /* zone-atom-caaval.c */,
				1158B57A2F51658300308FF8 /* zone-atom-expire1.c */,
				1158B57B2F51658300308FF8 /* zone-atom-expire2.c */,
				1158B57D2F51658300308FF8 /* zone-atom-int.c */,
				1158B57E2F51658300308FF8 /* zone-atom-ipv4.c */,
				1158B57F2F51658300308FF8 /* zone-atom-ipv6.c */,
				1158B5802F51658300308FF8 /* zone-atom-n3hash.c */,
				1158B5812F51658300308FF8 /* zone-atom-name.h */,
				1158B5822F51658300308FF8 /* zone-atom-name4.c */,
				1158B5832F51658300308FF8 /* zone-atom-name5.c */,
				1158B5842F51658300308FF8 /* zone-atom-svcparm.c */,
				1158B5852F51658300308FF8 /* zone-atom-ttl.c */,
				1158B5862F51658300308FF8 /* zone-atom-txt.c */,
				1158B5872F51658300308FF8 /* zone-atom-type1.c */,
				1158B5882F51658300308FF8 /* zone-atom-type2.c */,
				1158B5892F51658300308FF8 /* zone-error.h */,
				1158B58A2F51658300308FF8 /* zone-error.c */,
				1158B58B2F51658300308FF8 /* zone-file.c */,
				1158B58C2F51658300308FF8 /* zone-parse.h */,
				1158B58D2F51658300308FF8 /* zone-parse-header.c */,
				1158B58E2F51658300308FF8 /* zone-parse-header2.c */,
				1158B58F2F51658300308FF8 /* zone-parse-header2-test.c */,
				1158B5902F51658300308FF8 /* zone-parse-mask.h */,
				1158B5912F51658300308FF8 /* zone-parse-mask.c */,
				1158B5922F51658300308FF8 /* zone-parse-record.h */,
				1158B5932F51658300308FF8 /* zone-parse-record.c */,
				1158B5942F51658300308FF8 /* zone-parse-test.c */,
				1158B5952F51658300308FF8 /* zone-parse-types.h */,
				1158B5962F51658300308FF8 /* zone-parse-types1.c */,
				1158B5972F51658300308FF8 /* zone-parse-types2.c */,
				1158B59C2F51658300308FF8 /* zone-scan.h */,
				1158B59D2F51658300308FF8 /* zone-scan.c */,
				1158B59E2F51658300308FF8 /* zone-scan-eol.c */,
				1158B59F2F51658300308FF8 /* zone-scan-esc.c */,
				1158B5A02F51658300308FF8 /* zone-scan-fast.c */,
				1158B5A12F51658300308FF8 /* zone-scan-fast2.c */,
				1158B5A22F51658300308FF8 /* zone-scan-label.c */,
				1158B5A32F51658300308FF8 /* zone-scan-name.c */,
				1158B5A42F51658300308FF8 /* zone-scan-nospace.c */,
				1158B5A52F51658300308FF8 /* zone-scan-qtest.c */,
				1158B5A62F51658300308FF8 /* zone-scan-quote.c */,
				1158B5A72F51658300308FF8 /* zone-scan-space.c */,
				1158B5AA2F51658300308FF8 /* zone-workq.h */,
				1158B5AB2F51658300308FF8 /* zone-workq.c */,
				11D53A3E2F505D4000361606 /* Products */,
			);
			sourceTree = "<group>";
		};
		11D53A3E2F505D4000361606 /* Products */ = {
			isa = PBXGroup;
			children = (
				11D53A3D2F505D4000361606 /* fastzone */,
			);
			name = Products;
			sourceTree = "<group>";
		};
/* End PBXGroup section */

/* Begin PBXNativeTarget section */
		11D53A3C2F505D4000361606 /* fastzone */ = {
			isa = PBXNativeTarget;
			buildConfigurationList = 11D53A442F505D4000361606 /* Build configuration list for PBXNativeTarget "fastzone" */;
			buildPhases = (
				11D53A392F505D4000361606 /* Sources */,
				11D53A3A2F505D4000361606 /* Frameworks */,
				11D53A3B2F505D4000361606 /* CopyFiles */,
			);
			buildRules = (
			);
			dependencies = (
			);
			name = fastzone;
			packageProductDependencies = (
			);
			productName = fastzone;
			productReference = 11D53A3D2F505D4000361606 /* fastzone */;
			productType = "com.apple.product-type.tool";
		};
/* End PBXNativeTarget section */

/* Begin PBXProject section */
		11D53A352F505D4000361606 /* Project object */ = {
			isa = PBXProject;
			attributes = {
				BuildIndependentTargetsInParallel = 1;
				LastUpgradeCheck = 2620;
				TargetAttributes = {
					11D53A3C2F505D4000361606 = {
						CreatedOnToolsVersion = 16.3;
					};
				};
			};
			buildConfigurationList = 11D53A382F505D4000361606 /* Build configuration list for PBXProject "fastzone" */;
			developmentRegion = en;
			hasScannedForEncodings = 0;
			knownRegions = (
				en,
				Base,
			);
			mainGroup = 11D53A342F505D4000361606;
			minimizedProjectReferenceProxies = 1;
			preferredProjectObjectVersion = 77;
			productRefGroup = 11D53A3E2F505D4000361606 /* Products */;
			projectDirPath = "";
			projectRoot = "";
			targets = (
				11D53A3C2F505D4000361606 /* fastzone */,
			);
		};
/* End PBXProject section */

/* Begin PBXSourcesBuildPhase section */
		11D53A392F505D4000361606 /* Sources */ = {
			isa = PBXSourcesBuildPhase;
			buildActionMask = 2147483647;
			files = (
				1158B5E92F69348300308FF8 /* zone-parse-header3.c in Sources */,
				1158B5AC2F51658300308FF8 /* zone-parse-header2.c in Sources */,
				1158B5E12F53D29900308FF8 /* zone-parse-token.c in Sources */,
				1158B5AD2F51658300308FF8 /* zone-atom.c in Sources */,
				1158B5AE2F51658300308FF8 /* zone-atom-base64c.c in Sources */,
				1158B5AF2F51658300308FF8 /* zone-atom-hexa.c in Sources */,
				1158B5B02F51658300308FF8 /* zone-scan-eol.c in Sources */,
				1158B5B12F51658300308FF8 /* zone-parse-header2-test.c in Sources */,
				1158B5B22F51658300308FF8 /* zone-atom-name4.c in Sources */,
				1158B5B32F51658300308FF8 /* zone-parse-types1.c in Sources */,
				1158B5B42F51658300308FF8 /* zone-parse-header.c in Sources */,
				1158B5FB2F84397F00308FF8 /* zone-fbench.c in Sources */,
				1158B5B52F51658300308FF8 /* zone-scan.c in Sources */,
				1158B5B62F51658300308FF8 /* zone-parse-test.c in Sources */,
				1158B5B72F51658300308FF8 /* zone-parse-mask.c in Sources */,
				1158B5B82F51658300308FF8 /* zone-scan-esc.c in Sources */,
				1158B5BA2F51658300308FF8 /* zone-atom-base64d.c in Sources */,
				1158B5BB2F51658300308FF8 /* zone-atom-expire2.c in Sources */,
				1158B5BC2F51658300308FF8 /* zone-atom-type1.c in Sources */,
				1158B5BD2F51658300308FF8 /* zone-scan-label.c in Sources */,
				1158B5BE2F51658300308FF8 /* zone-atom-expire1.c in Sources */,
				1158B5BF2F51658300308FF8 /* zone-atom-ipv4.c in Sources */,
				1158B5C02F51658300308FF8 /* zone-atom-ipv6.c in Sources */,
				1158B5C22F51658300308FF8 /* main.c in Sources */,
				1158B5C32F51658300308FF8 /* zone-atom-base64b.c in Sources */,
				1158B5C42F51658300308FF8 /* zone-parse-record.c in Sources */,
				1158B5C52F51658300308FF8 /* zone-scan-name.c in Sources */,
				1158B5C62F51658300308FF8 /* zone-error.c in Sources */,
				1158B5C72F51658300308FF8 /* zone-atom-bitmap.c in Sources */,
				1158B5E62F5FA5E300308FF8 /* zone-atom-hexb.c in Sources */,
				1158B5EF2F7729DE00308FF8 /* zone-fast-header.c in Sources */,
				1158B5C82F51658300308FF8 /* zone-scan-quote.c in Sources */,
				1158B5C92F51658300308FF8 /* zone-atom-n3hash.c in Sources */,
				1158B5CA2F51658300308FF8 /* zone-atom-ttl.c in Sources */,
				1158B5CB2F51658300308FF8 /* util-simd.c in Sources */,
				1158B5F62F8098E100308FF8 /* zone-fast-record.c in Sources */,
				1158B5CC2F51658300308FF8 /* zone-scan-fast.c in Sources */,
				1158B5CD2F51658300308FF8 /* zone-file.c in Sources */,
				1158B5CE2F51658300308FF8 /* zone-scan-nospace.c in Sources */,
				1158B5E42F5FA3AF00308FF8 /* util-hex16.c in Sources */,
				1158B5CF2F51658300308FF8 /* zone-scan-fast2.c in Sources */,
				1158B5D02F51658300308FF8 /* zone-scan-qtest.c in Sources */,
				1158B5D12F51658300308FF8 /* zone-qbench.c in Sources */,
				1158B5D22F51658300308FF8 /* zone-atom-txt.c in Sources */,
				1158B5EC2F74C04300308FF8 /* zone-fast-classify.c in Sources */,
				1158B5D32F51658300308FF8 /* zone-atom-type2.c in Sources */,
				1158B5D42F51658300308FF8 /* zone-workq.c in Sources */,
				1158B5D52F51658300308FF8 /* zone-scan-space.c in Sources */,
				1158B5D62F51658300308FF8 /* zone-atom-name5.c in Sources */,
				1158B5D72F51658300308FF8 /* zone-atom-int.c in Sources */,
				1158B5D82F51658300308FF8 /* zone-parse-types2.c in Sources */,
				1158B5D92F51658300308FF8 /* util-base64.c in Sources */,
				1158B5DA2F51658300308FF8 /* zone-atom-svcparm.c in Sources */,
				1158B5DB2F51658300308FF8 /* util-pathname.c in Sources */,
				1158B5DC2F51658300308FF8 /* zone.c in Sources */,
				1158B5DD2F51658300308FF8 /* zone-atom-base64a.c in Sources */,
				1158B5DE2F51658300308FF8 /* zone-atom-caaval.c in Sources */,
				1158B5F22F774B8E00308FF8 /* zone-slow-header.c in Sources */,
				1158B5F42F77526000308FF8 /* zone-fast-header-test.c in Sources */,
			);
			runOnlyForDeploymentPostprocessing = 0;
		};
/* End PBXSourcesBuildPhase section */

/* Begin XCBuildConfiguration section */
		11D53A422F505D4000361606 /* Debug */ = {
			isa = XCBuildConfiguration;
			buildSettings = {
				ALWAYS_SEARCH_USER_PATHS = NO;
				ASSETCATALOG_COMPILER_GENERATE_SWIFT_ASSET_SYMBOL_EXTENSIONS = YES;
				CLANG_ANALYZER_NONNULL = YES;
				CLANG_ANALYZER_NUMBER_OBJECT_CONVERSION = YES_AGGRESSIVE;
				CLANG_CXX_LANGUAGE_STANDARD = "gnu++20";
				CLANG_ENABLE_MODULES = YES;
				CLANG_ENABLE_OBJC_ARC = YES;
				CLANG_ENABLE_OBJC_WEAK = YES;
				CLANG_WARN_BLOCK_CAPTURE_AUTORELEASING = YES;
				CLANG_WARN_BOOL_CONVERSION = YES;
				CLANG_WARN_COMMA = YES;
				CLANG_WARN_CONSTANT_CONVERSION = YES;
				CLANG_WARN_DEPRECATED_OBJC_IMPLEMENTATIONS = YES;
				CLANG_WARN_DIRECT_OBJC_ISA_USAGE = YES_ERROR;
				CLANG_WARN_DOCUMENTATION_COMMENTS = YES;
				CLANG_WARN_EMPTY_BODY = YES;
				CLANG_WARN_ENUM_CONVERSION = YES;
				CLANG_WARN_INFINITE_RECURSION = YES;
				CLANG_WARN_INT_CONVERSION = YES;
				CLANG_WARN_NON_LITERAL_NULL_CONVERSION = YES;
				CLANG_WARN_OBJC_IMPLICIT_RETAIN_SELF = YES;
				CLANG_WARN_OBJC_LITERAL_CONVERSION = YES;
				CLANG_WARN_OBJC_ROOT_CLASS = YES_ERROR;
				CLANG_WARN_QUOTED_INCLUDE_IN_FRAMEWORK_HEADER = YES;
				CLANG_WARN_RANGE_LOOP_ANALYSIS = YES;
				CLANG_WARN_STRICT_PROTOTYPES = YES;
				CLANG_WARN_SUSPICIOUS_MOVE = YES;
				CLANG_WARN_UNGUARDED_AVAILABILITY = YES_AGGRESSIVE;
				CLANG_WARN_UNREACHABLE_CODE = YES;
				CLANG_WARN__DUPLICATE_METHOD_MATCH = YES;
				COPY_PHASE_STRIP = NO;
				DEAD_CODE_STRIPPING = YES;
				DEBUG_INFORMATION_FORMAT = dwarf;
				ENABLE_STRICT_OBJC_MSGSEND = YES;
				ENABLE_TESTABILITY = YES;
				ENABLE_USER_SCRIPT_SANDBOXING = YES;
				GCC_C_LANGUAGE_STANDARD = gnu17;
				GCC_DYNAMIC_NO_PIC = NO;
				GCC_NO_COMMON_BLOCKS = YES;
				GCC_OPTIMIZATION_LEVEL = 0;
				GCC_PREPROCESSOR_DEFINITIONS = (
					"DEBUG=1",
					"$(inherited)",
				);
				GCC_WARN_64_TO_32_BIT_CONVERSION = YES;
				GCC_WARN_ABOUT_RETURN_TYPE = YES_ERROR;
				GCC_WARN_UNDECLARED_SELECTOR = YES;
				GCC_WARN_UNINITIALIZED_AUTOS = YES_AGGRESSIVE;
				GCC_WARN_UNUSED_FUNCTION = YES;
				GCC_WARN_UNUSED_VARIABLE = YES;
				LOCALIZATION_PREFERS_STRING_CATALOGS = YES;
				MACOSX_DEPLOYMENT_TARGET = 15.4;
				MTL_ENABLE_DEBUG_INFO = INCLUDE_SOURCE;
				MTL_FAST_MATH = YES;
				ONLY_ACTIVE_ARCH = YES;
				SDKROOT = macosx;
				STRING_CATALOG_GENERATE_SYMBOLS = YES;
			};
			name = Debug;
		};
		11D53A432F505D4000361606 /* Release */ = {
			isa = XCBuildConfiguration;
			buildSettings = {
				ALWAYS_SEARCH_USER_PATHS = NO;
				ASSETCATALOG_COMPILER_GENERATE_SWIFT_ASSET_SYMBOL_EXTENSIONS = YES;
				CLANG_ANALYZER_NONNULL = YES;
				CLANG_ANALYZER_NUMBER_OBJECT_CONVERSION = YES_AGGRESSIVE;
				CLANG_CXX_LANGUAGE_STANDARD = "gnu++20";
				CLANG_ENABLE_MODULES = YES;
				CLANG_ENABLE_OBJC_ARC = YES;
				CLANG_ENABLE_OBJC_WEAK = YES;
				CLANG_WARN_BLOCK_CAPTURE_AUTORELEASING = YES;
				CLANG_WARN_BOOL_CONVERSION = YES;
				CLANG_WARN_COMMA = YES;
				CLANG_WARN_CONSTANT_CONVERSION = YES;
				CLANG_WARN_DEPRECATED_OBJC_IMPLEMENTATIONS = YES;
				CLANG_WARN_DIRECT_OBJC_ISA_USAGE = YES_ERROR;
				CLANG_WARN_DOCUMENTATION_COMMENTS = YES;
				CLANG_WARN_EMPTY_BODY = YES;
				CLANG_WARN_ENUM_CONVERSION = YES;
				CLANG_WARN_INFINITE_RECURSION = YES;
				CLANG_WARN_INT_CONVERSION = YES;
				CLANG_WARN_NON_LITERAL_NULL_CONVERSION = YES;
				CLANG_WARN_OBJC_IMPLICIT_RETAIN_SELF = YES;
				CLANG_WARN_OBJC_LITERAL_CONVERSION = YES;
				CLANG_WARN_OBJC_ROOT_CLASS = YES_ERROR;
				CLANG_WARN_QUOTED_INCLUDE_IN_FRAMEWORK_HEADER = YES;
				CLANG_WARN_RANGE_LOOP_ANALYSIS = YES;
				CLANG_WARN_STRICT_PROTOTYPES = YES;
				CLANG_WARN_SUSPICIOUS_MOVE = YES;
				CLANG_WARN_UNGUARDED_AVAILABILITY = YES_AGGRESSIVE;
				CLANG_WARN_UNREACHABLE_CODE = YES;
				CLANG_WARN__DUPLICATE_METHOD_MATCH = YES;
				COPY_PHASE_STRIP = NO;
				DEAD_CODE_STRIPPING = YES;
				DEBUG_INFORMATION_FORMAT = "dwarf-with-dsym";
				ENABLE_NS_ASSERTIONS = NO;
				ENABLE_STRICT_OBJC_MSGSEND = YES;
				ENABLE_USER_SCRIPT_SANDBOXING = YES;
				GCC_C_LANGUAGE_STANDARD = gnu17;
				GCC_NO_COMMON_BLOCKS = YES;
				GCC_WARN_64_TO_32_BIT_CONVERSION = YES;
				GCC_WARN_ABOUT_RETURN_TYPE = YES_ERROR;
				GCC_WARN_UNDECLARED_SELECTOR = YES;
				GCC_WARN_UNINITIALIZED_AUTOS = YES_AGGRESSIVE;
				GCC_WARN_UNUSED_FUNCTION = YES;
				GCC_WARN_UNUSED_VARIABLE = YES;
				LOCALIZATION_PREFERS_STRING_CATALOGS = YES;
				MACOSX_DEPLOYMENT_TARGET = 15.4;
				MTL_ENABLE_DEBUG_INFO = NO;
				MTL_FAST_MATH = YES;
				SDKROOT = macosx;
				STRING_CATALOG_GENERATE_SYMBOLS = YES;
			};
			name = Release;
		};
		11D53A452F505D4000361606 /* Debug */ = {
			isa = XCBuildConfiguration;
			buildSettings = {
				CODE_SIGN_STYLE = Automatic;
				DEAD_CODE_STRIPPING = YES;
				"OTHER_CFLAGS[arch=*]" = "";
				PRODUCT_NAME = "$(TARGET_NAME)";
			};
			name = Debug;
		};
		11D53A462F505D4000361606 /* Release */ = {
			isa = XCBuildConfiguration;
			buildSettings = {
				CODE_SIGN_STYLE = Automatic;
				DEAD_CODE_STRIPPING = YES;
				"OTHER_CFLAGS[arch=*]" = "";
				PRODUCT_NAME = "$(TARGET_NAME)";
			};
			name = Release;
		};
/* End XCBuildConfiguration section */

/* Begin XCConfigurationList section */
		11D53A382F505D4000361606 /* Build configuration list for PBXProject "fastzone" */ = {
			isa = XCConfigurationList;
			buildConfigurations = (
				11D53A422F505D4000361606 /* Debug */,
				11D53A432F505D4000361606 /* Release */,
			);
			defaultConfigurationIsVisible = 0;
			defaultConfigurationName = Release;
		};
		11D53A442F505D4000361606 /* Build configuration list for PBXNativeTarget "fastzone" */ = {
			isa = XCConfigurationList;
			buildConfigurations = (
				11D53A452F505D4000361606 /* Debug */,
				11D53A462F505D4000361606 /* Release */,
			);
			defaultConfigurationIsVisible = 0;
			defaultConfigurationName = Release;
		};
/* End XCConfigurationList section */
	};
	rootObject = 11D53A352F505D4000361606 /* Project object */;
}
